
Microsoft Visual Studio Solution File, Format Version 12.00
# Visual Studio Version 17
VisualStudioVersion = 17.2.32616.157
MinimumVisualStudioVersion = 10.0.40219.1
Project("{FAE04EC0-301F-11D3-BF4B-00C04F79EFBC}") = "tryAndCatch", "tryAndCatch\tryAndCatch.csproj", "{2007C6AD-2C01-4DF7-B4B1-FCFE812B4F34}"
EndProject
Global
	GlobalSection(SolutionConfigurationPlatforms) = preSolution
		Debug|Any CPU = Debug|Any CPU
		Release|Any CPU = Release|Any CPU
	EndGlobalSection
	GlobalSection(ProjectConfigurationPlatforms) = postSolution
		{2007C6AD-2C01-4DF7-B4B1-FCFE812B4F34}.Debug|Any CPU.ActiveCfg = Debug|Any CPU
		{2007C6AD-2C01-4DF7-B4B1-FCFE812B4F34}.Debug|Any CPU.Build.0 = Debug|Any CPU
		{2007C6AD-2C01-4DF7-B4B1-FCFE812B4F34}.Release|Any CPU.ActiveCfg = Release|Any CPU
		{2007C6AD-2C01-4DF7-B4B1-FCFE812B4F34}.Release|Any CPU.Build.0 = Release|Any CPU
	EndGlobalSection
	GlobalSection(SolutionProperties) = preSolution
		HideSolutionNode = FALSE
	EndGlobalSection
	GlobalSection(ExtensibilityGlobals) = postSolution
		SolutionGuid = {F1EFCF70-83C0-4803-B0E9-5648B1D02E81}
	EndGlobalSection
EndGlobal
