
Microsoft Visual Studio Solution File, Format Version 12.00
# Visual Studio Version 17
VisualStudioVersion = 17.2.32616.157
MinimumVisualStudioVersion = 10.0.40219.1
Project("{FAE04EC0-301F-11D3-BF4B-00C04F79EFBC}") = "lambdaEx", "lambdaEx\lambdaEx.csproj", "{B4DDA11C-BD13-4E47-B82F-F745105F4662}"
EndProject
Global
	GlobalSection(SolutionConfigurationPlatforms) = preSolution
		Debug|Any CPU = Debug|Any CPU
		Release|Any CPU = Release|Any CPU
	EndGlobalSection
	GlobalSection(ProjectConfigurationPlatforms) = postSolution
		{B4DDA11C-BD13-4E47-B82F-F745105F4662}.Debug|Any CPU.ActiveCfg = Debug|Any CPU
		{B4DDA11C-BD13-4E47-B82F-F745105F4662}.Debug|Any CPU.Build.0 = Debug|Any CPU
		{B4DDA11C-BD13-4E47-B82F-F745105F4662}.Release|Any CPU.ActiveCfg = Release|Any CPU
		{B4DDA11C-BD13-4E47-B82F-F745105F4662}.Release|Any CPU.Build.0 = Release|Any CPU
	EndGlobalSection
	GlobalSection(SolutionProperties) = preSolution
		HideSolutionNode = FALSE
	EndGlobalSection
	GlobalSection(ExtensibilityGlobals) = postSolution
		SolutionGuid = {5101A04E-8602-48CC-BFF2-83780F3A2908}
	EndGlobalSection
EndGlobal
