
Microsoft Visual Studio Solution File, Format Version 12.00
# Visual Studio Version 17
VisualStudioVersion = 17.2.32616.157
MinimumVisualStudioVersion = 10.0.40219.1
Project("{FAE04EC0-301F-11D3-BF4B-00C04F79EFBC}") = "OOP", "OOP\OOP.csproj", "{616912C0-5DD2-49D1-AD0E-599BC6278EE6}"
EndProject
Global
	GlobalSection(SolutionConfigurationPlatforms) = preSolution
		Debug|Any CPU = Debug|Any CPU
		Release|Any CPU = Release|Any CPU
	EndGlobalSection
	GlobalSection(ProjectConfigurationPlatforms) = postSolution
		{616912C0-5DD2-49D1-AD0E-599BC6278EE6}.Debug|Any CPU.ActiveCfg = Debug|Any CPU
		{616912C0-5DD2-49D1-AD0E-599BC6278EE6}.Debug|Any CPU.Build.0 = Debug|Any CPU
		{616912C0-5DD2-49D1-AD0E-599BC6278EE6}.Release|Any CPU.ActiveCfg = Release|Any CPU
		{616912C0-5DD2-49D1-AD0E-599BC6278EE6}.Release|Any CPU.Build.0 = Release|Any CPU
	EndGlobalSection
	GlobalSection(SolutionProperties) = preSolution
		HideSolutionNode = FALSE
	EndGlobalSection
	GlobalSection(ExtensibilityGlobals) = postSolution
		SolutionGuid = {2B2A3A17-302C-498C-BFD3-BBB4E99D0A8C}
	EndGlobalSection
EndGlobal
