
Microsoft Visual Studio Solution File, Format Version 12.00
# Visual Studio Version 17
VisualStudioVersion = 17.2.32616.157
MinimumVisualStudioVersion = 10.0.40219.1
Project("{FAE04EC0-301F-11D3-BF4B-00C04F79EFBC}") = "datetimeEx", "DateTime\datetimeEx.csproj", "{43A9EB2D-BE63-4CD0-A26D-C8F8E55AC7B7}"
EndProject
Global
	GlobalSection(SolutionConfigurationPlatforms) = preSolution
		Debug|Any CPU = Debug|Any CPU
		Release|Any CPU = Release|Any CPU
	EndGlobalSection
	GlobalSection(ProjectConfigurationPlatforms) = postSolution
		{43A9EB2D-BE63-4CD0-A26D-C8F8E55AC7B7}.Debug|Any CPU.ActiveCfg = Debug|Any CPU
		{43A9EB2D-BE63-4CD0-A26D-C8F8E55AC7B7}.Debug|Any CPU.Build.0 = Debug|Any CPU
		{43A9EB2D-BE63-4CD0-A26D-C8F8E55AC7B7}.Release|Any CPU.ActiveCfg = Release|Any CPU
		{43A9EB2D-BE63-4CD0-A26D-C8F8E55AC7B7}.Release|Any CPU.Build.0 = Release|Any CPU
	EndGlobalSection
	GlobalSection(SolutionProperties) = preSolution
		HideSolutionNode = FALSE
	EndGlobalSection
	GlobalSection(ExtensibilityGlobals) = postSolution
		SolutionGuid = {0B9782BF-01C6-4C28-A6B2-6FB73CC0202A}
	EndGlobalSection
EndGlobal
